
Microsoft Visual Studio Solution File, Format Version 12.00
# Visual Studio 15
VisualStudioVersion = 15.0.28307.421
MinimumVisualStudioVersion = 10.0.40219.1
Project("{9A19103F-16F7-4668-BE54-9A1E7A4F7556}") = "UnityBuildBridge", "UnityBuildBridge.csproj", "{1CA61D57-F837-4BBC-9FBC-490D34F99AE0}"
EndProject
Global
	GlobalSection(SolutionConfigurationPlatforms) = preSolution
		Debug|Any CPU = Debug|Any CPU
		Release|Any CPU = Release|Any CPU
	EndGlobalSection
	GlobalSection(ProjectConfigurationPlatforms) = postSolution
		{1CA61D57-F837-4BBC-9FBC-490D34F99AE0}.Debug|Any CPU.ActiveCfg = Debug|Any CPU
		{1CA61D57-F837-4BBC-9FBC-490D34F99AE0}.Debug|Any CPU.Build.0 = Debug|Any CPU
		{1CA61D57-F837-4BBC-9FBC-490D34F99AE0}.Release|Any CPU.ActiveCfg = Release|Any CPU
		{1CA61D57-F837-4BBC-9FBC-490D34F99AE0}.Release|Any CPU.Build.0 = Release|Any CPU
	EndGlobalSection
	GlobalSection(SolutionProperties) = preSolution
		HideSolutionNode = FALSE
	EndGlobalSection
	GlobalSection(ExtensibilityGlobals) = postSolution
		SolutionGuid = {CE5B1081-4E2F-400D-96FD-7D38990AC57A}
	EndGlobalSection
EndGlobal
